// !$*UTF8*$!
{
	archiveVersion = 1;
	classes = {
	};
	objectVersion = 46;
	objects = {

/* Begin PBXBuildFile section */
		9959819BE514575E35737723 /* libPods-AQSInstagramActivityTests.a in Frameworks */ = {isa = PBXBuildFile; fileRef = 01433F2EB9E2ECF8B2FCC47F /* libPods-AQSInstagramActivityTests.a */; };
		D42B17471A0DE2BE00A64B1A /* main.m in Sources */ = {isa = PBXBuildFile; fileRef = D42B17461A0DE2BE00A64B1A /* main.m */; };
		D42B174A1A0DE2BE00A64B1A /* AppDelegate.m in Sources */ = {isa = PBXBuildFile; fileRef = D42B17491A0DE2BE00A64B1A /* AppDelegate.m */; };
		D42B174D1A0DE2BE00A64B1A /* ViewController.m in Sources */ = {isa = PBXBuildFile; fileRef = D42B174C1A0DE2BE00A64B1A /* ViewController.m */; };
		D42B17501A0DE2BE00A64B1A /* Main.storyboard in Resources */ = {isa = PBXBuildFile; fileRef = D42B174E1A0DE2BE00A64B1A /* Main.storyboard */; };
		D42B17521A0DE2BE00A64B1A /* Images.xcassets in Resources */ = {isa = PBXBuildFile; fileRef = D42B17511A0DE2BE00A64B1A /* Images.xcassets */; };
		D42B17551A0DE2BE00A64B1A /* LaunchScreen.xib in Resources */ = {isa = PBXBuildFile; fileRef = D42B17531A0DE2BE00A64B1A /* LaunchScreen.xib */; };
		D42B17611A0DE2BE00A64B1A /* AQSInstagramActivityTests.m in Sources */ = {isa = PBXBuildFile; fileRef = D42B17601A0DE2BE00A64B1A /* AQSInstagramActivityTests.m */; };
		D42B176C1A0DE42700A64B1A /* AQSInstagramActivity.xcassets in Resources */ = {isa = PBXBuildFile; fileRef = D42B176B1A0DE42700A64B1A /* AQSInstagramActivity.xcassets */; };
		D42B176F1A0DE43000A64B1A /* AQSInstagramActivity.m in Sources */ = {isa = PBXBuildFile; fileRef = D42B176E1A0DE43000A64B1A /* AQSInstagramActivity.m */; };
		D42B17711A0DE94800A64B1A /* test.jpg in Resources */ = {isa = PBXBuildFile; fileRef = D42B17701A0DE94800A64B1A /* test.jpg */; };
/* End PBXBuildFile section */

/* Begin PBXContainerItemProxy section */
		D42B175B1A0DE2BE00A64B1A /* PBXContainerItemProxy */ = {
			isa = PBXContainerItemProxy;
			containerPortal = D42B17391A0DE2BE00A64B1A /* Project object */;
			proxyType = 1;
			remoteGlobalIDString = D42B17401A0DE2BE00A64B1A;
			remoteInfo = AQSInstagramActivity;
		};
/* End PBXContainerItemProxy section */

/* Begin PBXFileReference section */
		01433F2EB9E2ECF8B2FCC47F /* libPods-AQSInstagramActivityTests.a */ = {isa = PBXFileReference; explicitFileType = archive.ar; includeInIndex = 0; path = "libPods-AQSInstagramActivityTests.a"; sourceTree = BUILT_PRODUCTS_DIR; };
		381B32378AF9551023E1B2AF /* Pods-AQSInstagramActivityTests.release.xcconfig */ = {isa = PBXFileReference; includeInIndex = 1; lastKnownFileType = text.xcconfig; name = "Pods-AQSInstagramActivityTests.release.xcconfig"; path = "Pods/Target Support Files/Pods-AQSInstagramActivityTests/Pods-AQSInstagramActivityTests.release.xcconfig"; sourceTree = "<group>"; };
		87EF616657D92D6898925206 /* Pods-AQSInstagramActivityTests.debug.xcconfig */ = {isa = PBXFileReference; includeInIndex = 1; lastKnownFileType = text.xcconfig; name = "Pods-AQSInstagramActivityTests.debug.xcconfig"; path = "Pods/Target Support Files/Pods-AQSInstagramActivityTests/Pods-AQSInstagramActivityTests.debug.xcconfig"; sourceTree = "<group>"; };
		D42B17411A0DE2BE00A64B1A /* AQSInstagramActivity.app */ = {isa = PBXFileReference; explicitFileType = wrapper.application; includeInIndex = 0; path = AQSInstagramActivity.app; sourceTree = BUILT_PRODUCTS_DIR; };
		D42B17451A0DE2BE00A64B1A /* Info.plist */ = {isa = PBXFileReference; lastKnownFileType = text.plist.xml; path = Info.plist; sourceTree = "<group>"; };
		D42B17461A0DE2BE00A64B1A /* main.m */ = {isa = PBXFileReference; lastKnownFileType = sourcecode.c.objc; path = main.m; sourceTree = "<group>"; };
		D42B17481A0DE2BE00A64B1A /* AppDelegate.h */ = {isa = PBXFileReference; lastKnownFileType = sourcecode.c.h; path = AppDelegate.h; sourceTree = "<group>"; };
		D42B17491A0DE2BE00A64B1A /* AppDelegate.m */ = {isa = PBXFileReference; lastKnownFileType = sourcecode.c.objc; path = AppDelegate.m; sourceTree = "<group>"; };
		D42B174B1A0DE2BE00A64B1A /* ViewController.h */ = {isa = PBXFileReference; lastKnownFileType = sourcecode.c.h; path = ViewController.h; sourceTree = "<group>"; };
		D42B174C1A0DE2BE00A64B1A /* ViewController.m */ = {isa = PBXFileReference; lastKnownFileType = sourcecode.c.objc; path = ViewController.m; sourceTree = "<group>"; };
		D42B174F1A0DE2BE00A64B1A /* Base */ = {isa = PBXFileReference; lastKnownFileType = file.storyboard; name = Base; path = Base.lproj/Main.storyboard; sourceTree = "<group>"; };
		D42B17511A0DE2BE00A64B1A /* Images.xcassets */ = {isa = PBXFileReference; lastKnownFileType = folder.assetcatalog; path = Images.xcassets; sourceTree = "<group>"; };
		D42B17541A0DE2BE00A64B1A /* Base */ = {isa = PBXFileReference; lastKnownFileType = file.xib; name = Base; path = Base.lproj/LaunchScreen.xib; sourceTree = "<group>"; };
		D42B175A1A0DE2BE00A64B1A /* AQSInstagramActivityTests.xctest */ = {isa = PBXFileReference; explicitFileType = wrapper.cfbundle; includeInIndex = 0; path = AQSInstagramActivityTests.xctest; sourceTree = BUILT_PRODUCTS_DIR; };
		D42B175F1A0DE2BE00A64B1A /* Info.plist */ = {isa = PBXFileReference; lastKnownFileType = text.plist.xml; path = Info.plist; sourceTree = "<group>"; };
		D42B17601A0DE2BE00A64B1A /* AQSInstagramActivityTests.m */ = {isa = PBXFileReference; lastKnownFileType = sourcecode.c.objc; path = AQSInstagramActivityTests.m; sourceTree = "<group>"; };
		D42B176B1A0DE42700A64B1A /* AQSInstagramActivity.xcassets */ = {isa = PBXFileReference; lastKnownFileType = folder.assetcatalog; path = AQSInstagramActivity.xcassets; sourceTree = "<group>"; };
		D42B176D1A0DE43000A64B1A /* AQSInstagramActivity.h */ = {isa = PBXFileReference; fileEncoding = 4; lastKnownFileType = sourcecode.c.h; path = AQSInstagramActivity.h; sourceTree = "<group>"; };
		D42B176E1A0DE43000A64B1A /* AQSInstagramActivity.m */ = {isa = PBXFileReference; fileEncoding = 4; lastKnownFileType = sourcecode.c.objc; path = AQSInstagramActivity.m; sourceTree = "<group>"; };
		D42B17701A0DE94800A64B1A /* test.jpg */ = {isa = PBXFileReference; lastKnownFileType = image.jpeg; path = test.jpg; sourceTree = "<group>"; };
/* End PBXFileReference section */

/* Begin PBXFrameworksBuildPhase section */
		D42B173E1A0DE2BE00A64B1A /* Frameworks */ = {
			isa = PBXFrameworksBuildPhase;
			buildActionMask = 2147483647;
			files = (
			);
			runOnlyForDeploymentPostprocessing = 0;
		};
		D42B17571A0DE2BE00A64B1A /* Frameworks */ = {
			isa = PBXFrameworksBuildPhase;
			buildActionMask = 2147483647;
			files = (
				9959819BE514575E35737723 /* libPods-AQSInstagramActivityTests.a in Frameworks */,
			);
			runOnlyForDeploymentPostprocessing = 0;
		};
/* End PBXFrameworksBuildPhase section */

/* Begin PBXGroup section */
		B143BC16120E6E6B55222EF8 /* Pods */ = {
			isa = PBXGroup;
			children = (
				87EF616657D92D6898925206 /* Pods-AQSInstagramActivityTests.debug.xcconfig */,
				381B32378AF9551023E1B2AF /* Pods-AQSInstagramActivityTests.release.xcconfig */,
			);
			name = Pods;
			sourceTree = "<group>";
		};
		CEED078E88475CBB5BE2FD05 /* Frameworks */ = {
			isa = PBXGroup;
			children = (
				01433F2EB9E2ECF8B2FCC47F /* libPods-AQSInstagramActivityTests.a */,
			);
			name = Frameworks;
			sourceTree = "<group>";
		};
		D42B17381A0DE2BE00A64B1A = {
			isa = PBXGroup;
			children = (
				D42B17431A0DE2BE00A64B1A /* AQSInstagramActivity */,
				D42B175D1A0DE2BE00A64B1A /* AQSInstagramActivityTests */,
				D42B17421A0DE2BE00A64B1A /* Products */,
				B143BC16120E6E6B55222EF8 /* Pods */,
				CEED078E88475CBB5BE2FD05 /* Frameworks */,
			);
			sourceTree = "<group>";
		};
		D42B17421A0DE2BE00A64B1A /* Products */ = {
			isa = PBXGroup;
			children = (
				D42B17411A0DE2BE00A64B1A /* AQSInstagramActivity.app */,
				D42B175A1A0DE2BE00A64B1A /* AQSInstagramActivityTests.xctest */,
			);
			name = Products;
			sourceTree = "<group>";
		};
		D42B17431A0DE2BE00A64B1A /* AQSInstagramActivity */ = {
			isa = PBXGroup;
			children = (
				D42B176A1A0DE40700A64B1A /* Classes */,
				D42B17481A0DE2BE00A64B1A /* AppDelegate.h */,
				D42B17491A0DE2BE00A64B1A /* AppDelegate.m */,
				D42B174B1A0DE2BE00A64B1A /* ViewController.h */,
				D42B17701A0DE94800A64B1A /* test.jpg */,
				D42B174C1A0DE2BE00A64B1A /* ViewController.m */,
				D42B174E1A0DE2BE00A64B1A /* Main.storyboard */,
				D42B17511A0DE2BE00A64B1A /* Images.xcassets */,
				D42B17531A0DE2BE00A64B1A /* LaunchScreen.xib */,
				D42B17441A0DE2BE00A64B1A /* Supporting Files */,
			);
			path = AQSInstagramActivity;
			sourceTree = "<group>";
		};
		D42B17441A0DE2BE00A64B1A /* Supporting Files */ = {
			isa = PBXGroup;
			children = (
				D42B17451A0DE2BE00A64B1A /* Info.plist */,
				D42B17461A0DE2BE00A64B1A /* main.m */,
			);
			name = "Supporting Files";
			sourceTree = "<group>";
		};
		D42B175D1A0DE2BE00A64B1A /* AQSInstagramActivityTests */ = {
			isa = PBXGroup;
			children = (
				D42B17601A0DE2BE00A64B1A /* AQSInstagramActivityTests.m */,
				D42B175E1A0DE2BE00A64B1A /* Supporting Files */,
			);
			path = AQSInstagramActivityTests;
			sourceTree = "<group>";
		};
		D42B175E1A0DE2BE00A64B1A /* Supporting Files */ = {
			isa = PBXGroup;
			children = (
				D42B175F1A0DE2BE00A64B1A /* Info.plist */,
			);
			name = "Supporting Files";
			sourceTree = "<group>";
		};
		D42B176A1A0DE40700A64B1A /* Classes */ = {
			isa = PBXGroup;
			children = (
				D42B176B1A0DE42700A64B1A /* AQSInstagramActivity.xcassets */,
				D42B176D1A0DE43000A64B1A /* AQSInstagramActivity.h */,
				D42B176E1A0DE43000A64B1A /* AQSInstagramActivity.m */,
			);
			path = Classes;
			sourceTree = "<group>";
		};
/* End PBXGroup section */

/* Begin PBXNativeTarget section */
		D42B17401A0DE2BE00A64B1A /* AQSInstagramActivity */ = {
			isa = PBXNativeTarget;
			buildConfigurationList = D42B17641A0DE2BE00A64B1A /* Build configuration list for PBXNativeTarget "AQSInstagramActivity" */;
			buildPhases = (
				D42B173D1A0DE2BE00A64B1A /* Sources */,
				D42B173E1A0DE2BE00A64B1A /* Frameworks */,
				D42B173F1A0DE2BE00A64B1A /* Resources */,
			);
			buildRules = (
			);
			dependencies = (
			);
			name = AQSInstagramActivity;
			productName = AQSInstagramActivity;
			productReference = D42B17411A0DE2BE00A64B1A /* AQSInstagramActivity.app */;
			productType = "com.apple.product-type.application";
		};
		D42B17591A0DE2BE00A64B1A /* AQSInstagramActivityTests */ = {
			isa = PBXNativeTarget;
			buildConfigurationList = D42B17671A0DE2BE00A64B1A /* Build configuration list for PBXNativeTarget "AQSInstagramActivityTests" */;
			buildPhases = (
				957FF323ACDDD36F3A07EF87 /* Check Pods Manifest.lock */,
				D42B17561A0DE2BE00A64B1A /* Sources */,
				D42B17571A0DE2BE00A64B1A /* Frameworks */,
				D42B17581A0DE2BE00A64B1A /* Resources */,
				D960E783FE592CECAAE58CE6 /* Copy Pods Resources */,
			);
			buildRules = (
			);
			dependencies = (
				D42B175C1A0DE2BE00A64B1A /* PBXTargetDependency */,
			);
			name = AQSInstagramActivityTests;
			productName = AQSInstagramActivityTests;
			productReference = D42B175A1A0DE2BE00A64B1A /* AQSInstagramActivityTests.xctest */;
			productType = "com.apple.product-type.bundle.unit-test";
		};
/* End PBXNativeTarget section */

/* Begin PBXProject section */
		D42B17391A0DE2BE00A64B1A /* Project object */ = {
			isa = PBXProject;
			attributes = {
				LastUpgradeCheck = 0610;
				ORGANIZATIONNAME = Aquamarine;
				TargetAttributes = {
					D42B17401A0DE2BE00A64B1A = {
						CreatedOnToolsVersion = 6.1;
					};
					D42B17591A0DE2BE00A64B1A = {
						CreatedOnToolsVersion = 6.1;
						TestTargetID = D42B17401A0DE2BE00A64B1A;
					};
				};
			};
			buildConfigurationList = D42B173C1A0DE2BE00A64B1A /* Build configuration list for PBXProject "AQSInstagramActivity" */;
			compatibilityVersion = "Xcode 3.2";
			developmentRegion = English;
			hasScannedForEncodings = 0;
			knownRegions = (
				en,
				Base,
			);
			mainGroup = D42B17381A0DE2BE00A64B1A;
			productRefGroup = D42B17421A0DE2BE00A64B1A /* Products */;
			projectDirPath = "";
			projectRoot = "";
			targets = (
				D42B17401A0DE2BE00A64B1A /* AQSInstagramActivity */,
				D42B17591A0DE2BE00A64B1A /* AQSInstagramActivityTests */,
			);
		};
/* End PBXProject section */

/* Begin PBXResourcesBuildPhase section */
		D42B173F1A0DE2BE00A64B1A /* Resources */ = {
			isa = PBXResourcesBuildPhase;
			buildActionMask = 2147483647;
			files = (
				D42B17501A0DE2BE00A64B1A /* Main.storyboard in Resources */,
				D42B17711A0DE94800A64B1A /* test.jpg in Resources */,
				D42B176C1A0DE42700A64B1A /* AQSInstagramActivity.xcassets in Resources */,
				D42B17551A0DE2BE00A64B1A /* LaunchScreen.xib in Resources */,
				D42B17521A0DE2BE00A64B1A /* Images.xcassets in Resources */,
			);
			runOnlyForDeploymentPostprocessing = 0;
		};
		D42B17581A0DE2BE00A64B1A /* Resources */ = {
			isa = PBXResourcesBuildPhase;
			buildActionMask = 2147483647;
			files = (
			);
			runOnlyForDeploymentPostprocessing = 0;
		};
/* End PBXResourcesBuildPhase section */

/* Begin PBXShellScriptBuildPhase section */
		957FF323ACDDD36F3A07EF87 /* Check Pods Manifest.lock */ = {
			isa = PBXShellScriptBuildPhase;
			buildActionMask = 2147483647;
			files = (
			);
			inputPaths = (
			);
			name = "Check Pods Manifest.lock";
			outputPaths = (
			);
			runOnlyForDeploymentPostprocessing = 0;
			shellPath = /bin/sh;
			shellScript = "diff \"${PODS_ROOT}/../Podfile.lock\" \"${PODS_ROOT}/Manifest.lock\" > /dev/null\nif [[ $? != 0 ]] ; then\n    cat << EOM\nerror: The sandbox is not in sync with the Podfile.lock. Run 'pod install' or update your CocoaPods installation.\nEOM\n    exit 1\nfi\n";
			showEnvVarsInLog = 0;
		};
		D960E783FE592CECAAE58CE6 /* Copy Pods Resources */ = {
			isa = PBXShellScriptBuildPhase;
			buildActionMask = 2147483647;
			files = (
			);
			inputPaths = (
			);
			name = "Copy Pods Resources";
			outputPaths = (
			);
			runOnlyForDeploymentPostprocessing = 0;
			shellPath = /bin/sh;
			shellScript = "\"${SRCROOT}/Pods/Target Support Files/Pods-AQSInstagramActivityTests/Pods-AQSInstagramActivityTests-resources.sh\"\n";
			showEnvVarsInLog = 0;
		};
/* End PBXShellScriptBuildPhase section */

/* Begin PBXSourcesBuildPhase section */
		D42B173D1A0DE2BE00A64B1A /* Sources */ = {
			isa = PBXSourcesBuildPhase;
			buildActionMask = 2147483647;
			files = (
				D42B174D1A0DE2BE00A64B1A /* ViewController.m in Sources */,
				D42B176F1A0DE43000A64B1A /* AQSInstagramActivity.m in Sources */,
				D42B174A1A0DE2BE00A64B1A /* AppDelegate.m in Sources */,
				D42B17471A0DE2BE00A64B1A /* main.m in Sources */,
			);
			runOnlyForDeploymentPostprocessing = 0;
		};
		D42B17561A0DE2BE00A64B1A /* Sources */ = {
			isa = PBXSourcesBuildPhase;
			buildActionMask = 2147483647;
			files = (
				D42B17611A0DE2BE00A64B1A /* AQSInstagramActivityTests.m in Sources */,
			);
			runOnlyForDeploymentPostprocessing = 0;
		};
/* End PBXSourcesBuildPhase section */

/* Begin PBXTargetDependency section */
		D42B175C1A0DE2BE00A64B1A /* PBXTargetDependency */ = {
			isa = PBXTargetDependency;
			target = D42B17401A0DE2BE00A64B1A /* AQSInstagramActivity */;
			targetProxy = D42B175B1A0DE2BE00A64B1A /* PBXContainerItemProxy */;
		};
/* End PBXTargetDependency section */

/* Begin PBXVariantGroup section */
		D42B174E1A0DE2BE00A64B1A /* Main.storyboard */ = {
			isa = PBXVariantGroup;
			children = (
				D42B174F1A0DE2BE00A64B1A /* Base */,
			);
			name = Main.storyboard;
			sourceTree = "<group>";
		};
		D42B17531A0DE2BE00A64B1A /* LaunchScreen.xib */ = {
			isa = PBXVariantGroup;
			children = (
				D42B17541A0DE2BE00A64B1A /* Base */,
			);
			name = LaunchScreen.xib;
			sourceTree = "<group>";
		};
/* End PBXVariantGroup section */

/* Begin XCBuildConfiguration section */
		D42B17621A0DE2BE00A64B1A /* Debug */ = {
			isa = XCBuildConfiguration;
			buildSettings = {
				ALWAYS_SEARCH_USER_PATHS = NO;
				CLANG_CXX_LANGUAGE_STANDARD = "gnu++0x";
				CLANG_CXX_LIBRARY = "libc++";
				CLANG_ENABLE_MODULES = YES;
				CLANG_ENABLE_OBJC_ARC = YES;
				CLANG_WARN_BOOL_CONVERSION = YES;
				CLANG_WARN_CONSTANT_CONVERSION = YES;
				CLANG_WARN_DIRECT_OBJC_ISA_USAGE = YES_ERROR;
				CLANG_WARN_EMPTY_BODY = YES;
				CLANG_WARN_ENUM_CONVERSION = YES;
				CLANG_WARN_INT_CONVERSION = YES;
				CLANG_WARN_OBJC_ROOT_CLASS = YES_ERROR;
				CLANG_WARN_UNREACHABLE_CODE = YES;
				CLANG_WARN__DUPLICATE_METHOD_MATCH = YES;
				"CODE_SIGN_IDENTITY[sdk=iphoneos*]" = "iPhone Developer";
				COPY_PHASE_STRIP = NO;
				ENABLE_STRICT_OBJC_MSGSEND = YES;
				GCC_C_LANGUAGE_STANDARD = gnu99;
				GCC_DYNAMIC_NO_PIC = NO;
				GCC_OPTIMIZATION_LEVEL = 0;
				GCC_PREPROCESSOR_DEFINITIONS = (
					"DEBUG=1",
					"$(inherited)",
				);
				GCC_SYMBOLS_PRIVATE_EXTERN = NO;
				GCC_WARN_64_TO_32_BIT_CONVERSION = YES;
				GCC_WARN_ABOUT_RETURN_TYPE = YES_ERROR;
				GCC_WARN_UNDECLARED_SELECTOR = YES;
				GCC_WARN_UNINITIALIZED_AUTOS = YES_AGGRESSIVE;
				GCC_WARN_UNUSED_FUNCTION = YES;
				GCC_WARN_UNUSED_VARIABLE = YES;
				IPHONEOS_DEPLOYMENT_TARGET = 8.1;
				MTL_ENABLE_DEBUG_INFO = YES;
				ONLY_ACTIVE_ARCH = YES;
				SDKROOT = iphoneos;
			};
			name = Debug;
		};
		D42B17631A0DE2BE00A64B1A /* Release */ = {
			isa = XCBuildConfiguration;
			buildSettings = {
				ALWAYS_SEARCH_USER_PATHS = NO;
				CLANG_CXX_LANGUAGE_STANDARD = "gnu++0x";
				CLANG_CXX_LIBRARY = "libc++";
				CLANG_ENABLE_MODULES = YES;
				CLANG_ENABLE_OBJC_ARC = YES;
				CLANG_WARN_BOOL_CONVERSION = YES;
				CLANG_WARN_CONSTANT_CONVERSION = YES;
				CLANG_WARN_DIRECT_OBJC_ISA_USAGE = YES_ERROR;
				CLANG_WARN_EMPTY_BODY = YES;
				CLANG_WARN_ENUM_CONVERSION = YES;
				CLANG_WARN_INT_CONVERSION = YES;
				CLANG_WARN_OBJC_ROOT_CLASS = YES_ERROR;
				CLANG_WARN_UNREACHABLE_CODE = YES;
				CLANG_WARN__DUPLICATE_METHOD_MATCH = YES;
				"CODE_SIGN_IDENTITY[sdk=iphoneos*]" = "iPhone Developer";
				COPY_PHASE_STRIP = YES;
				ENABLE_NS_ASSERTIONS = NO;
				ENABLE_STRICT_OBJC_MSGSEND = YES;
				GCC_C_LANGUAGE_STANDARD = gnu99;
				GCC_WARN_64_TO_32_BIT_CONVERSION = YES;
				GCC_WARN_ABOUT_RETURN_TYPE = YES_ERROR;
				GCC_WARN_UNDECLARED_SELECTOR = YES;
				GCC_WARN_UNINITIALIZED_AUTOS = YES_AGGRESSIVE;
				GCC_WARN_UNUSED_FUNCTION = YES;
				GCC_WARN_UNUSED_VARIABLE = YES;
				IPHONEOS_DEPLOYMENT_TARGET = 8.1;
				MTL_ENABLE_DEBUG_INFO = NO;
				SDKROOT = iphoneos;
				VALIDATE_PRODUCT = YES;
			};
			name = Release;
		};
		D42B17651A0DE2BE00A64B1A /* Debug */ = {
			isa = XCBuildConfiguration;
			buildSettings = {
				ASSETCATALOG_COMPILER_APPICON_NAME = AppIcon;
				INFOPLIST_FILE = AQSInstagramActivity/Info.plist;
				IPHONEOS_DEPLOYMENT_TARGET = 7.0;
				LD_RUNPATH_SEARCH_PATHS = "$(inherited) @executable_path/Frameworks";
				PRODUCT_NAME = "$(TARGET_NAME)";
				TARGETED_DEVICE_FAMILY = "1,2";
			};
			name = Debug;
		};
		D42B17661A0DE2BE00A64B1A /* Release */ = {
			isa = XCBuildConfiguration;
			buildSettings = {
				ASSETCATALOG_COMPILER_APPICON_NAME = AppIcon;
				INFOPLIST_FILE = AQSInstagramActivity/Info.plist;
				IPHONEOS_DEPLOYMENT_TARGET = 7.0;
				LD_RUNPATH_SEARCH_PATHS = "$(inherited) @executable_path/Frameworks";
				PRODUCT_NAME = "$(TARGET_NAME)";
				TARGETED_DEVICE_FAMILY = "1,2";
			};
			name = Release;
		};
		D42B17681A0DE2BE00A64B1A /* Debug */ = {
			isa = XCBuildConfiguration;
			baseConfigurationReference = 87EF616657D92D6898925206 /* Pods-AQSInstagramActivityTests.debug.xcconfig */;
			buildSettings = {
				BUNDLE_LOADER = "$(TEST_HOST)";
				FRAMEWORK_SEARCH_PATHS = (
					"$(SDKROOT)/Developer/Library/Frameworks",
					"$(inherited)",
				);
				GCC_PREPROCESSOR_DEFINITIONS = (
					"DEBUG=1",
					"$(inherited)",
				);
				INFOPLIST_FILE = AQSInstagramActivityTests/Info.plist;
				LD_RUNPATH_SEARCH_PATHS = "$(inherited) @executable_path/Frameworks @loader_path/Frameworks";
				PRODUCT_NAME = "$(TARGET_NAME)";
				TEST_HOST = "$(BUILT_PRODUCTS_DIR)/AQSInstagramActivity.app/AQSInstagramActivity";
			};
			name = Debug;
		};
		D42B17691A0DE2BE00A64B1A /* Release */ = {
			isa = XCBuildConfiguration;
			baseConfigurationReference = 381B32378AF9551023E1B2AF /* Pods-AQSInstagramActivityTests.release.xcconfig */;
			buildSettings = {
				BUNDLE_LOADER = "$(TEST_HOST)";
				FRAMEWORK_SEARCH_PATHS = (
					"$(SDKROOT)/Developer/Library/Frameworks",
					"$(inherited)",
				);
				INFOPLIST_FILE = AQSInstagramActivityTests/Info.plist;
				LD_RUNPATH_SEARCH_PATHS = "$(inherited) @executable_path/Frameworks @loader_path/Frameworks";
				PRODUCT_NAME = "$(TARGET_NAME)";
				TEST_HOST = "$(BUILT_PRODUCTS_DIR)/AQSInstagramActivity.app/AQSInstagramActivity";
			};
			name = Release;
		};
/* End XCBuildConfiguration section */

/* Begin XCConfigurationList section */
		D42B173C1A0DE2BE00A64B1A /* Build configuration list for PBXProject "AQSInstagramActivity" */ = {
			isa = XCConfigurationList;
			buildConfigurations = (
				D42B17621A0DE2BE00A64B1A /* Debug */,
				D42B17631A0DE2BE00A64B1A /* Release */,
			);
			defaultConfigurationIsVisible = 0;
			defaultConfigurationName = Release;
		};
		D42B17641A0DE2BE00A64B1A /* Build configuration list for PBXNativeTarget "AQSInstagramActivity" */ = {
			isa = XCConfigurationList;
			buildConfigurations = (
				D42B17651A0DE2BE00A64B1A /* Debug */,
				D42B17661A0DE2BE00A64B1A /* Release */,
			);
			defaultConfigurationIsVisible = 0;
			defaultConfigurationName = Release;
		};
		D42B17671A0DE2BE00A64B1A /* Build configuration list for PBXNativeTarget "AQSInstagramActivityTests" */ = {
			isa = XCConfigurationList;
			buildConfigurations = (
				D42B17681A0DE2BE00A64B1A /* Debug */,
				D42B17691A0DE2BE00A64B1A /* Release */,
			);
			defaultConfigurationIsVisible = 0;
			defaultConfigurationName = Release;
		};
/* End XCConfigurationList section */
	};
	rootObject = D42B17391A0DE2BE00A64B1A /* Project object */;
}
